{
  "nodes": {
    "crane": {
      "locked": {
        "lastModified": 1727316705,
        "narHash": "sha256-/mumx8AQ5xFuCJqxCIOFCHTVlxHkMT21idpbgbm/TIE=",
        "owner": "ipetkov",
        "repo": "crane",
        "rev": "5b03654ce046b5167e7b0bccbd8244cb56c16f0e",
        "type": "github"
      },
      "original": {
        "owner": "ipetkov",
        "repo": "crane",
        "type": "github"
      }
    },
    "flake-compat": {
      "flake": false,
      "locked": {
        "lastModified": 1696426674,
        "narHash": "sha256-kvjfFW7WAETZlt09AgDn1MrtKzP7t90Vf7vypd3OL1U=",
        "owner": "edolstra",
        "repo": "flake-compat",
        "rev": "0f9255e01c2351cc7d116c072cb317785dd33b33",
        "type": "github"
      },
      "original": {
        "owner": "edolstra",
        "repo": "flake-compat",
        "type": "github"
      }
    },
    "flake-compat_2": {
      "locked": {
        "lastModified": 1714705744,
        "narHash": "sha256-SsaS620K6QZVCOUqcWU/sHEkipnsJcqslfrU9oko+f4=",
        "rev": "5adafc5bfbb5b1df965df8ade18b1b0ce00a418e",
        "type": "tarball",
        "url": "https://git.lix.systems/api/v1/repos/lix-project/flake-compat/archive/5adafc5bfbb5b1df965df8ade18b1b0ce00a418e.tar.gz"
      },
      "original": {
        "type": "tarball",
        "url": "https://git.lix.systems/api/v1/repos/lix-project/flake-compat/archive/main.tar.gz"
      }
    },
    "flake-schemas": {
      "locked": {
        "lastModified": 1721999734,
        "narHash": "sha256-G5CxYeJVm4lcEtaO87LKzOsVnWeTcHGKbKxNamNWgOw=",
        "owner": "determinatesystems",
        "repo": "flake-schemas",
        "rev": "0a5c42297d870156d9c57d8f99e476b738dcd982",
        "type": "github"
      },
      "original": {
        "owner": "determinatesystems",
        "repo": "flake-schemas",
        "type": "github"
      }
    },
    "flake-utils": {
      "inputs": {
        "systems": "systems"
      },
      "locked": {
        "lastModified": 1710146030,
        "narHash": "sha256-SZ5L6eA7HJ/nmkzGG7/ISclqe6oZdOZTNoesiInkXPQ=",
        "owner": "numtide",
        "repo": "flake-utils",
        "rev": "b1d9ab70662946ef0850d488da1c9019f3a9752a",
        "type": "github"
      },
      "original": {
        "owner": "numtide",
        "repo": "flake-utils",
        "type": "github"
      }
    },
    "home-manager": {
      "inputs": {
        "nixpkgs": [
          "nixpkgs"
        ]
      },
      "locked": {
        "lastModified": 1728791962,
        "narHash": "sha256-nr5QiXwQcZmf6/auC1UpX8iAtINMtdi2mH+OkqJQVmU=",
        "owner": "nix-community",
        "repo": "home-manager",
        "rev": "64c6325b28ebd708653dd41d88f306023f296184",
        "type": "github"
      },
      "original": {
        "owner": "nix-community",
        "repo": "home-manager",
        "type": "github"
      }
    },
    "nixpkgs": {
      "locked": {
        "lastModified": 1728492678,
        "narHash": "sha256-9UTxR8eukdg+XZeHgxW5hQA9fIKHsKCdOIUycTryeVw=",
        "owner": "nixos",
        "repo": "nixpkgs",
        "rev": "5633bcff0c6162b9e4b5f1264264611e950c8ec7",
        "type": "github"
      },
      "original": {
        "owner": "nixos",
        "ref": "nixos-unstable",
        "repo": "nixpkgs",
        "type": "github"
      }
    },
    "nixpkgs_2": {
      "locked": {
        "lastModified": 1727348695,
        "narHash": "sha256-J+PeFKSDV+pHL7ukkfpVzCOO7mBSrrpJ3svwBFABbhI=",
        "owner": "nixos",
        "repo": "nixpkgs",
        "rev": "1925c603f17fc89f4c8f6bf6f631a802ad85d784",
        "type": "github"
      },
      "original": {
        "owner": "nixos",
        "ref": "nixos-unstable",
        "repo": "nixpkgs",
        "type": "github"
      }
    },
    "nixpkgs_3": {
      "locked": {
        "lastModified": 1725867797,
        "narHash": "sha256-DW6NHvXHrWFUa0TY4TCf+M8uFIRhmV9H3smBZ2Pu7pk=",
        "owner": "nixos",
        "repo": "nixpkgs",
        "rev": "cb97dfe6c051011be9cb13cd33103c907d9b2107",
        "type": "github"
      },
      "original": {
        "owner": "nixos",
        "repo": "nixpkgs",
        "type": "github"
      }
    },
    "nur": {
      "locked": {
        "lastModified": 1728889933,
        "narHash": "sha256-ZqCutCb0MxSfLm5VyVq5p029kJ+++5j+E5e9qS8W+/8=",
        "owner": "nix-community",
        "repo": "nur",
        "rev": "5572baaaacd0ff97783859f35eb20de9a5cf6000",
        "type": "github"
      },
      "original": {
        "owner": "nix-community",
        "repo": "nur",
        "type": "github"
      }
    },
    "papermod": {
      "flake": false,
      "locked": {
        "lastModified": 1723905772,
        "narHash": "sha256-iKKAAR5ipeimIgC137tbpkWlwIzNDAcPPKNLwdhW1CI=",
        "owner": "adityatelange",
        "repo": "hugo-papermod",
        "rev": "58c4841c26325eaa788d9b13e65d5dfc95d9367c",
        "type": "github"
      },
      "original": {
        "owner": "adityatelange",
        "repo": "hugo-papermod",
        "type": "github"
      }
    },
    "root": {
      "inputs": {
        "flake-compat": "flake-compat",
        "home-manager": "home-manager",
        "nixpkgs": "nixpkgs",
        "nur": "nur",
        "typhon": "typhon",
        "website": "website"
      }
    },
    "systems": {
      "locked": {
        "lastModified": 1681028828,
        "narHash": "sha256-Vy1rq5AaRuLzOxct8nz4T6wlgyUR7zLU309k9mBC768=",
        "owner": "nix-systems",
        "repo": "default",
        "rev": "da67096a3b9bf56a91d16901293e51ba5b49a27e",
        "type": "github"
      },
      "original": {
        "owner": "nix-systems",
        "repo": "default",
        "type": "github"
      }
    },
    "typhon": {
      "inputs": {
        "crane": "crane",
        "flake-compat": "flake-compat_2",
        "flake-schemas": "flake-schemas",
        "nixpkgs": "nixpkgs_2"
      },
      "locked": {
        "lastModified": 1727819760,
        "narHash": "sha256-6KXVFdIXbRKx8gCt4R+ZNN1dAxkjGVESeS3cWZGo8jY=",
        "owner": "typhon-ci",
        "repo": "typhon",
        "rev": "9436317e0dbd2bfa1930778f38dd994f904e135f",
        "type": "github"
      },
      "original": {
        "owner": "typhon-ci",
        "repo": "typhon",
        "type": "github"
      }
    },
    "website": {
      "inputs": {
        "flake-utils": "flake-utils",
        "nixpkgs": "nixpkgs_3",
        "papermod": "papermod"
      },
      "locked": {
        "lastModified": 1727080884,
        "narHash": "sha256-KCFbe6P3lkZQhvwyPNuqzAwVkInq6QpK2Aw8TIlap9g=",
        "owner": "pnmadelaine",
        "repo": "website",
        "rev": "74266214df3211abbf5967a3acb45280c1bc0dcf",
        "type": "github"
      },
      "original": {
        "owner": "pnmadelaine",
        "repo": "website",
        "type": "github"
      }
    }
  },
  "root": "root",
  "version": 7
}
